// !$*UTF8*$!
{
	archiveVersion = 1;
	classes = {
	};
	objectVersion = 46;
	objects = {

/* Begin PBXBuildFile section */
<<<<<<< Updated upstream
		D22D7F151C7A02CD000BE63D /* MyRemoteDisableChallengeHandler.swift in Sources */ = {isa = PBXBuildFile; fileRef = D22D7F141C7A02CD000BE63D /* MyRemoteDisableChallengeHandler.swift */; };
=======
		0C502910241376DF00E61E03 /* Assets.xcassets in Resources */ = {isa = PBXBuildFile; fileRef = 0C50290F241376DE00E61E03 /* Assets.xcassets */; };
>>>>>>> Stashed changes
		D2343D401C4CFABA00697D6E /* AppDelegate.swift in Sources */ = {isa = PBXBuildFile; fileRef = D2343D3F1C4CFABA00697D6E /* AppDelegate.swift */; };
		D2343D471C4CFABA00697D6E /* Assets.xcassets in Resources */ = {isa = PBXBuildFile; fileRef = D2343D461C4CFABA00697D6E /* Assets.xcassets */; };
		D2343D4A1C4CFABB00697D6E /* LaunchScreen.storyboard in Resources */ = {isa = PBXBuildFile; fileRef = D2343D481C4CFABB00697D6E /* LaunchScreen.storyboard */; };
		D2343D4F1C4CFABB00697D6E /* WatchOSDemoApp.app in Embed Watch Content */ = {isa = PBXBuildFile; fileRef = D2343D4E1C4CFABB00697D6E /* WatchOSDemoApp.app */; };
		D2343D5E1C4CFABB00697D6E /* WatchOSDemoApp.appex in Embed App Extensions */ = {isa = PBXBuildFile; fileRef = D2343D5D1C4CFABB00697D6E /* WatchOSDemoApp.appex */; settings = {ATTRIBUTES = (RemoveHeadersOnCopy, ); }; };
		D2343D671C4CFABB00697D6E /* ExtensionDelegate.swift in Sources */ = {isa = PBXBuildFile; fileRef = D2343D661C4CFABB00697D6E /* ExtensionDelegate.swift */; };
		D2343D691C4CFABB00697D6E /* NotificationController.swift in Sources */ = {isa = PBXBuildFile; fileRef = D2343D681C4CFABB00697D6E /* NotificationController.swift */; };
		D2343D6B1C4CFABB00697D6E /* Assets.xcassets in Resources */ = {isa = PBXBuildFile; fileRef = D2343D6A1C4CFABB00697D6E /* Assets.xcassets */; };
		D2343D7B1C4CFB1E00697D6E /* ViewController.swift in Sources */ = {isa = PBXBuildFile; fileRef = D2343D7A1C4CFB1E00697D6E /* ViewController.swift */; };
		D2343D7D1C4CFB2400697D6E /* Main.storyboard in Resources */ = {isa = PBXBuildFile; fileRef = D2343D7C1C4CFB2400697D6E /* Main.storyboard */; };
		D2343D811C4CFB3400697D6E /* LoginViewController.swift in Sources */ = {isa = PBXBuildFile; fileRef = D2343D801C4CFB3400697D6E /* LoginViewController.swift */; };
		D2343D831C4CFB4100697D6E /* Interface.storyboard in Resources */ = {isa = PBXBuildFile; fileRef = D2343D821C4CFB4100697D6E /* Interface.storyboard */; };
		D2343D871C4CFB5200697D6E /* InterfaceController.swift in Sources */ = {isa = PBXBuildFile; fileRef = D2343D861C4CFB5200697D6E /* InterfaceController.swift */; };
		D2343D8B1C4CFB5F00697D6E /* PinCodeInterfaceController.swift in Sources */ = {isa = PBXBuildFile; fileRef = D2343D8A1C4CFB5F00697D6E /* PinCodeInterfaceController.swift */; };
		D2343DB51C4F811D00697D6E /* mfpclient.plist in Resources */ = {isa = PBXBuildFile; fileRef = D2343DB41C4F811D00697D6E /* mfpclient.plist */; };
		D2343DB61C4F811D00697D6E /* mfpclient.plist in Resources */ = {isa = PBXBuildFile; fileRef = D2343DB41C4F811D00697D6E /* mfpclient.plist */; };
/* End PBXBuildFile section */

/* Begin PBXContainerItemProxy section */
		D2343D501C4CFABB00697D6E /* PBXContainerItemProxy */ = {
			isa = PBXContainerItemProxy;
			containerPortal = D2343D341C4CFABA00697D6E /* Project object */;
			proxyType = 1;
			remoteGlobalIDString = D2343D4D1C4CFABB00697D6E;
			remoteInfo = "WatchOSDemoApp WatchKit App";
		};
		D2343D5F1C4CFABB00697D6E /* PBXContainerItemProxy */ = {
			isa = PBXContainerItemProxy;
			containerPortal = D2343D341C4CFABA00697D6E /* Project object */;
			proxyType = 1;
			remoteGlobalIDString = D2343D5C1C4CFABB00697D6E;
			remoteInfo = "WatchOSDemoApp WatchKit Extension";
		};
/* End PBXContainerItemProxy section */

/* Begin PBXCopyFilesBuildPhase section */
		D2343D721C4CFABB00697D6E /* Embed App Extensions */ = {
			isa = PBXCopyFilesBuildPhase;
			buildActionMask = 2147483647;
			dstPath = "";
			dstSubfolderSpec = 13;
			files = (
				D2343D5E1C4CFABB00697D6E /* WatchOSDemoApp.appex in Embed App Extensions */,
			);
			name = "Embed App Extensions";
			runOnlyForDeploymentPostprocessing = 0;
		};
		D2343D761C4CFABB00697D6E /* Embed Watch Content */ = {
			isa = PBXCopyFilesBuildPhase;
			buildActionMask = 2147483647;
			dstPath = "$(CONTENTS_FOLDER_PATH)/Watch";
			dstSubfolderSpec = 16;
			files = (
				D2343D4F1C4CFABB00697D6E /* WatchOSDemoApp.app in Embed Watch Content */,
			);
			name = "Embed Watch Content";
			runOnlyForDeploymentPostprocessing = 0;
		};
/* End PBXCopyFilesBuildPhase section */

/* Begin PBXFileReference section */
<<<<<<< Updated upstream
		D22D7F141C7A02CD000BE63D /* MyRemoteDisableChallengeHandler.swift */ = {isa = PBXFileReference; fileEncoding = 4; lastKnownFileType = sourcecode.swift; path = MyRemoteDisableChallengeHandler.swift; sourceTree = "<group>"; };
		D2343D3C1C4CFABA00697D6E /* WatchOSDemoApp.app */ = {isa = PBXFileReference; explicitFileType = wrapper.application; includeInIndex = 0; path = WatchOSDemoApp.app; sourceTree = BUILT_PRODUCTS_DIR; };
=======
		0C50290F241376DE00E61E03 /* Assets.xcassets */ = {isa = PBXFileReference; lastKnownFileType = folder.assetcatalog; path = Assets.xcassets; sourceTree = "<group>"; };
		D2343D3C1C4CFABA00697D6E /* ModResorts.app */ = {isa = PBXFileReference; explicitFileType = wrapper.application; includeInIndex = 0; path = ModResorts.app; sourceTree = BUILT_PRODUCTS_DIR; };
>>>>>>> Stashed changes
		D2343D3F1C4CFABA00697D6E /* AppDelegate.swift */ = {isa = PBXFileReference; lastKnownFileType = sourcecode.swift; path = AppDelegate.swift; sourceTree = "<group>"; };
		D2343D461C4CFABA00697D6E /* Assets.xcassets */ = {isa = PBXFileReference; lastKnownFileType = folder.assetcatalog; path = Assets.xcassets; sourceTree = "<group>"; };
		D2343D491C4CFABB00697D6E /* Base */ = {isa = PBXFileReference; lastKnownFileType = file.storyboard; name = Base; path = Base.lproj/LaunchScreen.storyboard; sourceTree = "<group>"; };
		D2343D4B1C4CFABB00697D6E /* Info.plist */ = {isa = PBXFileReference; lastKnownFileType = text.plist.xml; path = Info.plist; sourceTree = "<group>"; };
		D2343D4E1C4CFABB00697D6E /* WatchOSDemoApp.app */ = {isa = PBXFileReference; explicitFileType = wrapper.application; includeInIndex = 0; path = WatchOSDemoApp.app; sourceTree = BUILT_PRODUCTS_DIR; };
		D2343D581C4CFABB00697D6E /* Info.plist */ = {isa = PBXFileReference; lastKnownFileType = text.plist.xml; path = Info.plist; sourceTree = "<group>"; };
		D2343D5D1C4CFABB00697D6E /* WatchOSDemoApp.appex */ = {isa = PBXFileReference; explicitFileType = "wrapper.app-extension"; includeInIndex = 0; path = WatchOSDemoApp.appex; sourceTree = BUILT_PRODUCTS_DIR; };
		D2343D631C4CFABB00697D6E /* PushNotificationPayload.apns */ = {isa = PBXFileReference; lastKnownFileType = text; path = PushNotificationPayload.apns; sourceTree = "<group>"; };
		D2343D661C4CFABB00697D6E /* ExtensionDelegate.swift */ = {isa = PBXFileReference; lastKnownFileType = sourcecode.swift; path = ExtensionDelegate.swift; sourceTree = "<group>"; };
		D2343D681C4CFABB00697D6E /* NotificationController.swift */ = {isa = PBXFileReference; lastKnownFileType = sourcecode.swift; path = NotificationController.swift; sourceTree = "<group>"; };
		D2343D6A1C4CFABB00697D6E /* Assets.xcassets */ = {isa = PBXFileReference; lastKnownFileType = folder.assetcatalog; path = Assets.xcassets; sourceTree = "<group>"; };
		D2343D6C1C4CFABB00697D6E /* Info.plist */ = {isa = PBXFileReference; lastKnownFileType = text.plist.xml; path = Info.plist; sourceTree = "<group>"; };
		D2343D7A1C4CFB1E00697D6E /* ViewController.swift */ = {isa = PBXFileReference; fileEncoding = 4; lastKnownFileType = sourcecode.swift; path = ViewController.swift; sourceTree = "<group>"; };
		D2343D7C1C4CFB2400697D6E /* Main.storyboard */ = {isa = PBXFileReference; fileEncoding = 4; lastKnownFileType = file.storyboard; path = Main.storyboard; sourceTree = "<group>"; };
		D2343D801C4CFB3400697D6E /* LoginViewController.swift */ = {isa = PBXFileReference; fileEncoding = 4; lastKnownFileType = sourcecode.swift; path = LoginViewController.swift; sourceTree = "<group>"; };
		D2343D821C4CFB4100697D6E /* Interface.storyboard */ = {isa = PBXFileReference; fileEncoding = 4; lastKnownFileType = file.storyboard; path = Interface.storyboard; sourceTree = "<group>"; };
		D2343D861C4CFB5200697D6E /* InterfaceController.swift */ = {isa = PBXFileReference; fileEncoding = 4; lastKnownFileType = sourcecode.swift; path = InterfaceController.swift; sourceTree = "<group>"; };
		D2343D8A1C4CFB5F00697D6E /* PinCodeInterfaceController.swift */ = {isa = PBXFileReference; fileEncoding = 4; lastKnownFileType = sourcecode.swift; path = PinCodeInterfaceController.swift; sourceTree = "<group>"; };
		D2343DB41C4F811D00697D6E /* mfpclient.plist */ = {isa = PBXFileReference; fileEncoding = 4; lastKnownFileType = text.plist.xml; path = mfpclient.plist; sourceTree = "<group>"; };
/* End PBXFileReference section */

/* Begin PBXFrameworksBuildPhase section */
		D2343D391C4CFABA00697D6E /* Frameworks */ = {
			isa = PBXFrameworksBuildPhase;
			buildActionMask = 2147483647;
			files = (
			);
			runOnlyForDeploymentPostprocessing = 0;
		};
		D2343D5A1C4CFABB00697D6E /* Frameworks */ = {
			isa = PBXFrameworksBuildPhase;
			buildActionMask = 2147483647;
			files = (
<<<<<<< Updated upstream
=======
			);
			runOnlyForDeploymentPostprocessing = 0;
		};
		EB57898B2F96E2029257DD9E /* Frameworks */ = {
			isa = PBXFrameworksBuildPhase;
			buildActionMask = 2147483647;
			files = (
>>>>>>> Stashed changes
			);
			runOnlyForDeploymentPostprocessing = 0;
		};
/* End PBXFrameworksBuildPhase section */

/* Begin PBXGroup section */
<<<<<<< Updated upstream
=======
		BABF246CEBD545C8DAE01A18 /* Pods */ = {
			isa = PBXGroup;
			children = (
			);
			path = Pods;
			sourceTree = "<group>";
		};
>>>>>>> Stashed changes
		D2343D331C4CFABA00697D6E = {
			isa = PBXGroup;
			children = (
				D2343DB41C4F811D00697D6E /* mfpclient.plist */,
				D2343D3E1C4CFABA00697D6E /* WatchOSDemoApp */,
				D2343D521C4CFABB00697D6E /* WatchOSDemoApp WatchKit App */,
				D2343D611C4CFABB00697D6E /* WatchOSDemoApp WatchKit Extension */,
				D2343D3D1C4CFABA00697D6E /* Products */,
<<<<<<< Updated upstream
=======
				BABF246CEBD545C8DAE01A18 /* Pods */,
>>>>>>> Stashed changes
			);
			sourceTree = "<group>";
		};
		D2343D3D1C4CFABA00697D6E /* Products */ = {
			isa = PBXGroup;
			children = (
				D2343D3C1C4CFABA00697D6E /* ModResorts.app */,
				D2343D4E1C4CFABB00697D6E /* WatchOSDemoApp.app */,
				D2343D5D1C4CFABB00697D6E /* WatchOSDemoApp.appex */,
			);
			name = Products;
			sourceTree = "<group>";
		};
		D2343D3E1C4CFABA00697D6E /* WatchOSDemoApp */ = {
			isa = PBXGroup;
			children = (
				D2343D3F1C4CFABA00697D6E /* AppDelegate.swift */,
				D2343D7A1C4CFB1E00697D6E /* ViewController.swift */,
				D2343D801C4CFB3400697D6E /* LoginViewController.swift */,
				D2343D7C1C4CFB2400697D6E /* Main.storyboard */,
				D2343D461C4CFABA00697D6E /* Assets.xcassets */,
				D2343D481C4CFABB00697D6E /* LaunchScreen.storyboard */,
				D2343D4B1C4CFABB00697D6E /* Info.plist */,
			);
			path = WatchOSDemoApp;
			sourceTree = "<group>";
		};
		D2343D521C4CFABB00697D6E /* WatchOSDemoApp WatchKit App */ = {
			isa = PBXGroup;
			children = (
				0C50290F241376DE00E61E03 /* Assets.xcassets */,
				D2343D821C4CFB4100697D6E /* Interface.storyboard */,
				D2343D581C4CFABB00697D6E /* Info.plist */,
			);
			path = "WatchOSDemoApp WatchKit App";
			sourceTree = "<group>";
		};
		D2343D611C4CFABB00697D6E /* WatchOSDemoApp WatchKit Extension */ = {
			isa = PBXGroup;
			children = (
				D2343D861C4CFB5200697D6E /* InterfaceController.swift */,
				D2343D8A1C4CFB5F00697D6E /* PinCodeInterfaceController.swift */,
				D2343D661C4CFABB00697D6E /* ExtensionDelegate.swift */,
				D2343D681C4CFABB00697D6E /* NotificationController.swift */,
				D2343D6A1C4CFABB00697D6E /* Assets.xcassets */,
				D2343D6C1C4CFABB00697D6E /* Info.plist */,
				D2343D621C4CFABB00697D6E /* Supporting Files */,
			);
			path = "WatchOSDemoApp WatchKit Extension";
			sourceTree = "<group>";
		};
		D2343D621C4CFABB00697D6E /* Supporting Files */ = {
			isa = PBXGroup;
			children = (
				D2343D631C4CFABB00697D6E /* PushNotificationPayload.apns */,
			);
			name = "Supporting Files";
			sourceTree = "<group>";
		};
/* End PBXGroup section */

/* Begin PBXNativeTarget section */
		D2343D3B1C4CFABA00697D6E /* WatchOSDemoApp */ = {
			isa = PBXNativeTarget;
			buildConfigurationList = D2343D771C4CFABB00697D6E /* Build configuration list for PBXNativeTarget "WatchOSDemoApp" */;
			buildPhases = (
				D2343D381C4CFABA00697D6E /* Sources */,
				D2343D391C4CFABA00697D6E /* Frameworks */,
				D2343D3A1C4CFABA00697D6E /* Resources */,
				D2343D761C4CFABB00697D6E /* Embed Watch Content */,
			);
			buildRules = (
			);
			dependencies = (
				D2343D511C4CFABB00697D6E /* PBXTargetDependency */,
			);
			name = WatchOSDemoApp;
			productName = WatchOSDemoApp;
			productReference = D2343D3C1C4CFABA00697D6E /* ModResorts.app */;
			productType = "com.apple.product-type.application";
		};
		D2343D4D1C4CFABB00697D6E /* WatchOSDemoApp WatchKit App */ = {
			isa = PBXNativeTarget;
			buildConfigurationList = D2343D731C4CFABB00697D6E /* Build configuration list for PBXNativeTarget "WatchOSDemoApp WatchKit App" */;
			buildPhases = (
				D2343D4C1C4CFABB00697D6E /* Resources */,
				D2343D721C4CFABB00697D6E /* Embed App Extensions */,
			);
			buildRules = (
			);
			dependencies = (
				D2343D601C4CFABB00697D6E /* PBXTargetDependency */,
			);
			name = "WatchOSDemoApp WatchKit App";
			productName = "WatchOSDemoApp WatchKit App";
			productReference = D2343D4E1C4CFABB00697D6E /* WatchOSDemoApp.app */;
			productType = "com.apple.product-type.application.watchapp2";
		};
		D2343D5C1C4CFABB00697D6E /* WatchOSDemoApp WatchKit Extension */ = {
			isa = PBXNativeTarget;
			buildConfigurationList = D2343D6F1C4CFABB00697D6E /* Build configuration list for PBXNativeTarget "WatchOSDemoApp WatchKit Extension" */;
			buildPhases = (
				D2343D591C4CFABB00697D6E /* Sources */,
				D2343D5A1C4CFABB00697D6E /* Frameworks */,
				D2343D5B1C4CFABB00697D6E /* Resources */,
			);
			buildRules = (
			);
			dependencies = (
			);
			name = "WatchOSDemoApp WatchKit Extension";
			productName = "WatchOSDemoApp WatchKit Extension";
			productReference = D2343D5D1C4CFABB00697D6E /* WatchOSDemoApp.appex */;
			productType = "com.apple.product-type.watchkit2-extension";
		};
/* End PBXNativeTarget section */

/* Begin PBXProject section */
		D2343D341C4CFABA00697D6E /* Project object */ = {
			isa = PBXProject;
			attributes = {
				LastSwiftUpdateCheck = 0710;
				LastUpgradeCheck = 0710;
				ORGANIZATIONNAME = IBM;
				TargetAttributes = {
					D2343D3B1C4CFABA00697D6E = {
						CreatedOnToolsVersion = 7.1.1;
					};
					D2343D4D1C4CFABB00697D6E = {
						CreatedOnToolsVersion = 7.1.1;
					};
					D2343D5C1C4CFABB00697D6E = {
						CreatedOnToolsVersion = 7.1.1;
					};
				};
			};
			buildConfigurationList = D2343D371C4CFABA00697D6E /* Build configuration list for PBXProject "WatchOSDemoApp" */;
			compatibilityVersion = "Xcode 3.2";
			developmentRegion = English;
			hasScannedForEncodings = 0;
			knownRegions = (
				en,
				Base,
			);
			mainGroup = D2343D331C4CFABA00697D6E;
			productRefGroup = D2343D3D1C4CFABA00697D6E /* Products */;
			projectDirPath = "";
			projectRoot = "";
			targets = (
				D2343D3B1C4CFABA00697D6E /* WatchOSDemoApp */,
				D2343D4D1C4CFABB00697D6E /* WatchOSDemoApp WatchKit App */,
				D2343D5C1C4CFABB00697D6E /* WatchOSDemoApp WatchKit Extension */,
			);
		};
/* End PBXProject section */

/* Begin PBXResourcesBuildPhase section */
		D2343D3A1C4CFABA00697D6E /* Resources */ = {
			isa = PBXResourcesBuildPhase;
			buildActionMask = 2147483647;
			files = (
				D2343D7D1C4CFB2400697D6E /* Main.storyboard in Resources */,
				D2343D4A1C4CFABB00697D6E /* LaunchScreen.storyboard in Resources */,
				D2343D471C4CFABA00697D6E /* Assets.xcassets in Resources */,
				D2343DB51C4F811D00697D6E /* mfpclient.plist in Resources */,
			);
			runOnlyForDeploymentPostprocessing = 0;
		};
		D2343D4C1C4CFABB00697D6E /* Resources */ = {
			isa = PBXResourcesBuildPhase;
			buildActionMask = 2147483647;
			files = (
				0C502910241376DF00E61E03 /* Assets.xcassets in Resources */,
				D2343D831C4CFB4100697D6E /* Interface.storyboard in Resources */,
			);
			runOnlyForDeploymentPostprocessing = 0;
		};
		D2343D5B1C4CFABB00697D6E /* Resources */ = {
			isa = PBXResourcesBuildPhase;
			buildActionMask = 2147483647;
			files = (
				D2343D6B1C4CFABB00697D6E /* Assets.xcassets in Resources */,
				D2343DB61C4F811D00697D6E /* mfpclient.plist in Resources */,
			);
			runOnlyForDeploymentPostprocessing = 0;
		};
/* End PBXResourcesBuildPhase section */

/* Begin PBXSourcesBuildPhase section */
		D2343D381C4CFABA00697D6E /* Sources */ = {
			isa = PBXSourcesBuildPhase;
			buildActionMask = 2147483647;
			files = (
				D2343D811C4CFB3400697D6E /* LoginViewController.swift in Sources */,
				D2343D7B1C4CFB1E00697D6E /* ViewController.swift in Sources */,
				D2343D401C4CFABA00697D6E /* AppDelegate.swift in Sources */,
			);
			runOnlyForDeploymentPostprocessing = 0;
		};
		D2343D591C4CFABB00697D6E /* Sources */ = {
			isa = PBXSourcesBuildPhase;
			buildActionMask = 2147483647;
			files = (
				D2343D871C4CFB5200697D6E /* InterfaceController.swift in Sources */,
				D2343D691C4CFABB00697D6E /* NotificationController.swift in Sources */,
				D2343D8B1C4CFB5F00697D6E /* PinCodeInterfaceController.swift in Sources */,
				D2343D671C4CFABB00697D6E /* ExtensionDelegate.swift in Sources */,
			);
			runOnlyForDeploymentPostprocessing = 0;
		};
/* End PBXSourcesBuildPhase section */

/* Begin PBXTargetDependency section */
		D2343D511C4CFABB00697D6E /* PBXTargetDependency */ = {
			isa = PBXTargetDependency;
			target = D2343D4D1C4CFABB00697D6E /* WatchOSDemoApp WatchKit App */;
			targetProxy = D2343D501C4CFABB00697D6E /* PBXContainerItemProxy */;
		};
		D2343D601C4CFABB00697D6E /* PBXTargetDependency */ = {
			isa = PBXTargetDependency;
			target = D2343D5C1C4CFABB00697D6E /* WatchOSDemoApp WatchKit Extension */;
			targetProxy = D2343D5F1C4CFABB00697D6E /* PBXContainerItemProxy */;
		};
/* End PBXTargetDependency section */

/* Begin PBXVariantGroup section */
		D2343D481C4CFABB00697D6E /* LaunchScreen.storyboard */ = {
			isa = PBXVariantGroup;
			children = (
				D2343D491C4CFABB00697D6E /* Base */,
			);
			name = LaunchScreen.storyboard;
			sourceTree = "<group>";
		};
/* End PBXVariantGroup section */

/* Begin XCBuildConfiguration section */
		D2343D6D1C4CFABB00697D6E /* Debug */ = {
			isa = XCBuildConfiguration;
			buildSettings = {
				ALWAYS_SEARCH_USER_PATHS = NO;
				CLANG_CXX_LANGUAGE_STANDARD = "gnu++0x";
				CLANG_CXX_LIBRARY = "libc++";
				CLANG_ENABLE_MODULES = YES;
				CLANG_ENABLE_OBJC_ARC = YES;
				CLANG_WARN_BOOL_CONVERSION = YES;
				CLANG_WARN_CONSTANT_CONVERSION = YES;
				CLANG_WARN_DIRECT_OBJC_ISA_USAGE = YES_ERROR;
				CLANG_WARN_EMPTY_BODY = YES;
				CLANG_WARN_ENUM_CONVERSION = YES;
				CLANG_WARN_INT_CONVERSION = YES;
				CLANG_WARN_OBJC_ROOT_CLASS = YES_ERROR;
				CLANG_WARN_UNREACHABLE_CODE = YES;
				CLANG_WARN__DUPLICATE_METHOD_MATCH = YES;
				"CODE_SIGN_IDENTITY[sdk=iphoneos*]" = "iPhone Developer";
				COPY_PHASE_STRIP = NO;
				DEBUG_INFORMATION_FORMAT = dwarf;
				ENABLE_STRICT_OBJC_MSGSEND = YES;
				ENABLE_TESTABILITY = YES;
				GCC_C_LANGUAGE_STANDARD = gnu99;
				GCC_DYNAMIC_NO_PIC = NO;
				GCC_NO_COMMON_BLOCKS = YES;
				GCC_OPTIMIZATION_LEVEL = 0;
				GCC_PREPROCESSOR_DEFINITIONS = (
					"DEBUG=1",
					"$(inherited)",
				);
				GCC_WARN_64_TO_32_BIT_CONVERSION = YES;
				GCC_WARN_ABOUT_RETURN_TYPE = YES_ERROR;
				GCC_WARN_UNDECLARED_SELECTOR = YES;
				GCC_WARN_UNINITIALIZED_AUTOS = YES_AGGRESSIVE;
				GCC_WARN_UNUSED_FUNCTION = YES;
				GCC_WARN_UNUSED_VARIABLE = YES;
				IPHONEOS_DEPLOYMENT_TARGET = 9.1;
				MTL_ENABLE_DEBUG_INFO = YES;
				ONLY_ACTIVE_ARCH = YES;
				SDKROOT = iphoneos;
				SWIFT_OPTIMIZATION_LEVEL = "-Onone";
			};
			name = Debug;
		};
		D2343D6E1C4CFABB00697D6E /* Release */ = {
			isa = XCBuildConfiguration;
			buildSettings = {
				ALWAYS_SEARCH_USER_PATHS = NO;
				CLANG_CXX_LANGUAGE_STANDARD = "gnu++0x";
				CLANG_CXX_LIBRARY = "libc++";
				CLANG_ENABLE_MODULES = YES;
				CLANG_ENABLE_OBJC_ARC = YES;
				CLANG_WARN_BOOL_CONVERSION = YES;
				CLANG_WARN_CONSTANT_CONVERSION = YES;
				CLANG_WARN_DIRECT_OBJC_ISA_USAGE = YES_ERROR;
				CLANG_WARN_EMPTY_BODY = YES;
				CLANG_WARN_ENUM_CONVERSION = YES;
				CLANG_WARN_INT_CONVERSION = YES;
				CLANG_WARN_OBJC_ROOT_CLASS = YES_ERROR;
				CLANG_WARN_UNREACHABLE_CODE = YES;
				CLANG_WARN__DUPLICATE_METHOD_MATCH = YES;
				"CODE_SIGN_IDENTITY[sdk=iphoneos*]" = "iPhone Developer";
				COPY_PHASE_STRIP = NO;
				DEBUG_INFORMATION_FORMAT = "dwarf-with-dsym";
				ENABLE_NS_ASSERTIONS = NO;
				ENABLE_STRICT_OBJC_MSGSEND = YES;
				GCC_C_LANGUAGE_STANDARD = gnu99;
				GCC_NO_COMMON_BLOCKS = YES;
				GCC_WARN_64_TO_32_BIT_CONVERSION = YES;
				GCC_WARN_ABOUT_RETURN_TYPE = YES_ERROR;
				GCC_WARN_UNDECLARED_SELECTOR = YES;
				GCC_WARN_UNINITIALIZED_AUTOS = YES_AGGRESSIVE;
				GCC_WARN_UNUSED_FUNCTION = YES;
				GCC_WARN_UNUSED_VARIABLE = YES;
				IPHONEOS_DEPLOYMENT_TARGET = 9.1;
				MTL_ENABLE_DEBUG_INFO = NO;
				SDKROOT = iphoneos;
				VALIDATE_PRODUCT = YES;
			};
			name = Release;
		};
		D2343D701C4CFABB00697D6E /* Debug */ = {
			isa = XCBuildConfiguration;
			buildSettings = {
				INFOPLIST_FILE = "WatchOSDemoApp WatchKit Extension/Info.plist";
				LD_RUNPATH_SEARCH_PATHS = "$(inherited) @executable_path/Frameworks @executable_path/../../Frameworks";
				PRODUCT_BUNDLE_IDENTIFIER = com.worklight.WatchOSDemoApp.watchkitapp.watchkitextension;
				PRODUCT_NAME = WatchOSDemoApp;
				SDKROOT = watchos;
				SKIP_INSTALL = YES;
				TARGETED_DEVICE_FAMILY = 4;
				WATCHOS_DEPLOYMENT_TARGET = 2.0;
			};
			name = Debug;
		};
		D2343D711C4CFABB00697D6E /* Release */ = {
			isa = XCBuildConfiguration;
			buildSettings = {
				INFOPLIST_FILE = "WatchOSDemoApp WatchKit Extension/Info.plist";
				LD_RUNPATH_SEARCH_PATHS = "$(inherited) @executable_path/Frameworks @executable_path/../../Frameworks";
				PRODUCT_BUNDLE_IDENTIFIER = com.worklight.WatchOSDemoApp.watchkitapp.watchkitextension;
				PRODUCT_NAME = WatchOSDemoApp;
				SDKROOT = watchos;
				SKIP_INSTALL = YES;
				TARGETED_DEVICE_FAMILY = 4;
				WATCHOS_DEPLOYMENT_TARGET = 2.0;
			};
			name = Release;
		};
		D2343D741C4CFABB00697D6E /* Debug */ = {
			isa = XCBuildConfiguration;
			buildSettings = {
				ASSETCATALOG_COMPILER_APPICON_NAME = AppIcon;
				EMBEDDED_CONTENT_CONTAINS_SWIFT = YES;
				IBSC_MODULE = WatchOSDemoApp_WatchKit_Extension;
				INFOPLIST_FILE = "WatchOSDemoApp WatchKit App/Info.plist";
				PRODUCT_BUNDLE_IDENTIFIER = com.worklight.WatchOSDemoApp.watchkitapp;
				PRODUCT_NAME = WatchOSDemoApp;
				SDKROOT = watchos;
				SKIP_INSTALL = YES;
				TARGETED_DEVICE_FAMILY = 4;
				WATCHOS_DEPLOYMENT_TARGET = 2.0;
			};
			name = Debug;
		};
		D2343D751C4CFABB00697D6E /* Release */ = {
			isa = XCBuildConfiguration;
			buildSettings = {
				ASSETCATALOG_COMPILER_APPICON_NAME = AppIcon;
				EMBEDDED_CONTENT_CONTAINS_SWIFT = YES;
				IBSC_MODULE = WatchOSDemoApp_WatchKit_Extension;
				INFOPLIST_FILE = "WatchOSDemoApp WatchKit App/Info.plist";
				PRODUCT_BUNDLE_IDENTIFIER = com.worklight.WatchOSDemoApp.watchkitapp;
				PRODUCT_NAME = WatchOSDemoApp;
				SDKROOT = watchos;
				SKIP_INSTALL = YES;
				TARGETED_DEVICE_FAMILY = 4;
				WATCHOS_DEPLOYMENT_TARGET = 2.0;
			};
			name = Release;
		};
		D2343D781C4CFABB00697D6E /* Debug */ = {
			isa = XCBuildConfiguration;
			buildSettings = {
				ASSETCATALOG_COMPILER_APPICON_NAME = AppIcon;
				INFOPLIST_FILE = WatchOSDemoApp/Info.plist;
				LD_RUNPATH_SEARCH_PATHS = "$(inherited) @executable_path/Frameworks";
				PRODUCT_BUNDLE_IDENTIFIER = com.worklight.WatchOSDemoApp;
<<<<<<< Updated upstream
				PRODUCT_NAME = WatchOSDemoApp;
=======
				PRODUCT_NAME = ModResorts;
				SWIFT_VERSION = 4.0;
>>>>>>> Stashed changes
			};
			name = Debug;
		};
		D2343D791C4CFABB00697D6E /* Release */ = {
			isa = XCBuildConfiguration;
			buildSettings = {
				ASSETCATALOG_COMPILER_APPICON_NAME = AppIcon;
				INFOPLIST_FILE = WatchOSDemoApp/Info.plist;
				LD_RUNPATH_SEARCH_PATHS = "$(inherited) @executable_path/Frameworks";
				PRODUCT_BUNDLE_IDENTIFIER = com.worklight.WatchOSDemoApp;
<<<<<<< Updated upstream
				PRODUCT_NAME = WatchOSDemoApp;
=======
				PRODUCT_NAME = ModResorts;
				SWIFT_VERSION = 4.0;
>>>>>>> Stashed changes
			};
			name = Release;
		};
/* End XCBuildConfiguration section */

/* Begin XCConfigurationList section */
		D2343D371C4CFABA00697D6E /* Build configuration list for PBXProject "WatchOSDemoApp" */ = {
			isa = XCConfigurationList;
			buildConfigurations = (
				D2343D6D1C4CFABB00697D6E /* Debug */,
				D2343D6E1C4CFABB00697D6E /* Release */,
			);
			defaultConfigurationIsVisible = 0;
			defaultConfigurationName = Release;
		};
		D2343D6F1C4CFABB00697D6E /* Build configuration list for PBXNativeTarget "WatchOSDemoApp WatchKit Extension" */ = {
			isa = XCConfigurationList;
			buildConfigurations = (
				D2343D701C4CFABB00697D6E /* Debug */,
				D2343D711C4CFABB00697D6E /* Release */,
			);
			defaultConfigurationIsVisible = 0;
			defaultConfigurationName = Release;
		};
		D2343D731C4CFABB00697D6E /* Build configuration list for PBXNativeTarget "WatchOSDemoApp WatchKit App" */ = {
			isa = XCConfigurationList;
			buildConfigurations = (
				D2343D741C4CFABB00697D6E /* Debug */,
				D2343D751C4CFABB00697D6E /* Release */,
			);
			defaultConfigurationIsVisible = 0;
			defaultConfigurationName = Release;
		};
		D2343D771C4CFABB00697D6E /* Build configuration list for PBXNativeTarget "WatchOSDemoApp" */ = {
			isa = XCConfigurationList;
			buildConfigurations = (
				D2343D781C4CFABB00697D6E /* Debug */,
				D2343D791C4CFABB00697D6E /* Release */,
			);
			defaultConfigurationIsVisible = 0;
			defaultConfigurationName = Release;
		};
/* End XCConfigurationList section */
	};
	rootObject = D2343D341C4CFABA00697D6E /* Project object */;
}
